
Microsoft Visual Studio Solution File, Format Version 12.00
# Visual Studio 15
VisualStudioVersion = 15.0.26730.15
MinimumVisualStudioVersion = 10.0.40219.1
Project("{8BC9CEB8-8B4A-11D0-8D11-00A0C91BC942}") = "Project2", "Project2\Project2.vcxproj", "{B8097B65-B64F-4A0A-BE9B-2B255C1923D5}"
EndProject
Global
	GlobalSection(SolutionConfigurationPlatforms) = preSolution
		Debug|x64 = Debug|x64
		Debug|x86 = Debug|x86
		Release|x64 = Release|x64
		Release|x86 = Release|x86
	EndGlobalSection
	GlobalSection(ProjectConfigurationPlatforms) = postSolution
		{B8097B65-B64F-4A0A-BE9B-2B255C1923D5}.Debug|x64.ActiveCfg = Debug|x64
		{B8097B65-B64F-4A0A-BE9B-2B255C1923D5}.Debug|x64.Build.0 = Debug|x64
		{B8097B65-B64F-4A0A-BE9B-2B255C1923D5}.Debug|x86.ActiveCfg = Debug|Win32
		{B8097B65-B64F-4A0A-BE9B-2B255C1923D5}.Debug|x86.Build.0 = Debug|Win32
		{B8097B65-B64F-4A0A-BE9B-2B255C1923D5}.Release|x64.ActiveCfg = Release|x64
		{B8097B65-B64F-4A0A-BE9B-2B255C1923D5}.Release|x64.Build.0 = Release|x64
		{B8097B65-B64F-4A0A-BE9B-2B255C1923D5}.Release|x86.ActiveCfg = Release|Win32
		{B8097B65-B64F-4A0A-BE9B-2B255C1923D5}.Release|x86.Build.0 = Release|Win32
	EndGlobalSection
	GlobalSection(SolutionProperties) = preSolution
		HideSolutionNode = FALSE
	EndGlobalSection
	GlobalSection(ExtensibilityGlobals) = postSolution
		SolutionGuid = {DBCFF4E9-9B14-472F-8D44-1239FB2C6F18}
	EndGlobalSection
EndGlobal
